// !$*UTF8*$!
{
	archiveVersion = 1;
	classes = {
	};
	objectVersion = 46;
	objects = {

/* Begin PBXBuildFile section */
		033EA594F187914074A5CD38 /* Pods_DataProtectionDemoTests.framework in Frameworks */ = {isa = PBXBuildFile; fileRef = C4C92C381150A67325FD1DD2 /* Pods_DataProtectionDemoTests.framework */; };
		19C9B0B56DDDD3E7CF65E2C4 /* Pods_DataProtectionDemoUITests.framework in Frameworks */ = {isa = PBXBuildFile; fileRef = 073FEF75A0FF917D3017AE34 /* Pods_DataProtectionDemoUITests.framework */; };
		B25F62801FD04EDD00174456 /* CoreDataController.swift in Sources */ = {isa = PBXBuildFile; fileRef = B25F627F1FD04EDD00174456 /* CoreDataController.swift */; };
		B25F62831FD04F8C00174456 /* RealmController.swift in Sources */ = {isa = PBXBuildFile; fileRef = B25F62821FD04F8C00174456 /* RealmController.swift */; };
		B25F62851FD0502900174456 /* GlobalAccess.swift in Sources */ = {isa = PBXBuildFile; fileRef = B25F62841FD0502900174456 /* GlobalAccess.swift */; };
		B2DB19A41FD0468300A6826E /* AppDelegate.swift in Sources */ = {isa = PBXBuildFile; fileRef = B2DB19A31FD0468300A6826E /* AppDelegate.swift */; };
		B2DB19A61FD0468300A6826E /* ViewController.swift in Sources */ = {isa = PBXBuildFile; fileRef = B2DB19A51FD0468300A6826E /* ViewController.swift */; };
		B2DB19A91FD0468300A6826E /* Main.storyboard in Resources */ = {isa = PBXBuildFile; fileRef = B2DB19A71FD0468300A6826E /* Main.storyboard */; };
		B2DB19AC1FD0468300A6826E /* DataProtectionDemo.xcdatamodeld in Sources */ = {isa = PBXBuildFile; fileRef = B2DB19AA1FD0468300A6826E /* DataProtectionDemo.xcdatamodeld */; };
		B2DB19AE1FD0468300A6826E /* Assets.xcassets in Resources */ = {isa = PBXBuildFile; fileRef = B2DB19AD1FD0468300A6826E /* Assets.xcassets */; };
		B2DB19B11FD0468300A6826E /* LaunchScreen.storyboard in Resources */ = {isa = PBXBuildFile; fileRef = B2DB19AF1FD0468300A6826E /* LaunchScreen.storyboard */; };
		B2DB19BC1FD0468300A6826E /* DataProtectionDemoTests.swift in Sources */ = {isa = PBXBuildFile; fileRef = B2DB19BB1FD0468300A6826E /* DataProtectionDemoTests.swift */; };
		B2DB19C71FD0468300A6826E /* DataProtectionDemoUITests.swift in Sources */ = {isa = PBXBuildFile; fileRef = B2DB19C61FD0468300A6826E /* DataProtectionDemoUITests.swift */; };
		DD2665863258620A2997A106 /* Pods_DataProtectionDemo.framework in Frameworks */ = {isa = PBXBuildFile; fileRef = 4F272772A8B5C2A96CB7728B /* Pods_DataProtectionDemo.framework */; };
/* End PBXBuildFile section */

/* Begin PBXContainerItemProxy section */
		B2DB19B81FD0468300A6826E /* PBXContainerItemProxy */ = {
			isa = PBXContainerItemProxy;
			containerPortal = B2DB19981FD0468300A6826E /* Project object */;
			proxyType = 1;
			remoteGlobalIDString = B2DB199F1FD0468300A6826E;
			remoteInfo = DataProtectionDemo;
		};
		B2DB19C31FD0468300A6826E /* PBXContainerItemProxy */ = {
			isa = PBXContainerItemProxy;
			containerPortal = B2DB19981FD0468300A6826E /* Project object */;
			proxyType = 1;
			remoteGlobalIDString = B2DB199F1FD0468300A6826E;
			remoteInfo = DataProtectionDemo;
		};
/* End PBXContainerItemProxy section */

/* Begin PBXFileReference section */
		073FEF75A0FF917D3017AE34 /* Pods_DataProtectionDemoUITests.framework */ = {isa = PBXFileReference; explicitFileType = wrapper.framework; includeInIndex = 0; path = Pods_DataProtectionDemoUITests.framework; sourceTree = BUILT_PRODUCTS_DIR; };
		21C18AE5F713C7C3DD2A90C4 /* Pods-DataProtectionDemoUITests.release.xcconfig */ = {isa = PBXFileReference; includeInIndex = 1; lastKnownFileType = text.xcconfig; name = "Pods-DataProtectionDemoUITests.release.xcconfig"; path = "Pods/Target Support Files/Pods-DataProtectionDemoUITests/Pods-DataProtectionDemoUITests.release.xcconfig"; sourceTree = "<group>"; };
		4F272772A8B5C2A96CB7728B /* Pods_DataProtectionDemo.framework */ = {isa = PBXFileReference; explicitFileType = wrapper.framework; includeInIndex = 0; path = Pods_DataProtectionDemo.framework; sourceTree = BUILT_PRODUCTS_DIR; };
		6C71F5B43A2E0464D35C8480 /* Pods-DataProtectionDemo.debug.xcconfig */ = {isa = PBXFileReference; includeInIndex = 1; lastKnownFileType = text.xcconfig; name = "Pods-DataProtectionDemo.debug.xcconfig"; path = "Pods/Target Support Files/Pods-DataProtectionDemo/Pods-DataProtectionDemo.debug.xcconfig"; sourceTree = "<group>"; };
		91312702410D0F83FB82DBB6 /* Pods-DataProtectionDemoTests.debug.xcconfig */ = {isa = PBXFileReference; includeInIndex = 1; lastKnownFileType = text.xcconfig; name = "Pods-DataProtectionDemoTests.debug.xcconfig"; path = "Pods/Target Support Files/Pods-DataProtectionDemoTests/Pods-DataProtectionDemoTests.debug.xcconfig"; sourceTree = "<group>"; };
		B25F627F1FD04EDD00174456 /* CoreDataController.swift */ = {isa = PBXFileReference; fileEncoding = 4; lastKnownFileType = sourcecode.swift; path = CoreDataController.swift; sourceTree = "<group>"; };
		B25F62821FD04F8C00174456 /* RealmController.swift */ = {isa = PBXFileReference; fileEncoding = 4; lastKnownFileType = sourcecode.swift; name = RealmController.swift; path = DataProtectionDemo/RealmController.swift; sourceTree = "<group>"; };
		B25F62841FD0502900174456 /* GlobalAccess.swift */ = {isa = PBXFileReference; fileEncoding = 4; lastKnownFileType = sourcecode.swift; path = GlobalAccess.swift; sourceTree = "<group>"; };
		B2DB19A01FD0468300A6826E /* DataProtectionDemo.app */ = {isa = PBXFileReference; explicitFileType = wrapper.application; includeInIndex = 0; path = DataProtectionDemo.app; sourceTree = BUILT_PRODUCTS_DIR; };
		B2DB19A31FD0468300A6826E /* AppDelegate.swift */ = {isa = PBXFileReference; lastKnownFileType = sourcecode.swift; path = AppDelegate.swift; sourceTree = "<group>"; };
		B2DB19A51FD0468300A6826E /* ViewController.swift */ = {isa = PBXFileReference; lastKnownFileType = sourcecode.swift; path = ViewController.swift; sourceTree = "<group>"; };
		B2DB19A81FD0468300A6826E /* Base */ = {isa = PBXFileReference; lastKnownFileType = file.storyboard; name = Base; path = Base.lproj/Main.storyboard; sourceTree = "<group>"; };
		B2DB19AB1FD0468300A6826E /* DataProtectionDemo.xcdatamodel */ = {isa = PBXFileReference; lastKnownFileType = wrapper.xcdatamodel; path = DataProtectionDemo.xcdatamodel; sourceTree = "<group>"; };
		B2DB19AD1FD0468300A6826E /* Assets.xcassets */ = {isa = PBXFileReference; lastKnownFileType = folder.assetcatalog; path = Assets.xcassets; sourceTree = "<group>"; };
		B2DB19B01FD0468300A6826E /* Base */ = {isa = PBXFileReference; lastKnownFileType = file.storyboard; name = Base; path = Base.lproj/LaunchScreen.storyboard; sourceTree = "<group>"; };
		B2DB19B21FD0468300A6826E /* Info.plist */ = {isa = PBXFileReference; lastKnownFileType = text.plist.xml; path = Info.plist; sourceTree = "<group>"; };
		B2DB19B71FD0468300A6826E /* DataProtectionDemoTests.xctest */ = {isa = PBXFileReference; explicitFileType = wrapper.cfbundle; includeInIndex = 0; path = DataProtectionDemoTests.xctest; sourceTree = BUILT_PRODUCTS_DIR; };
		B2DB19BB1FD0468300A6826E /* DataProtectionDemoTests.swift */ = {isa = PBXFileReference; lastKnownFileType = sourcecode.swift; path = DataProtectionDemoTests.swift; sourceTree = "<group>"; };
		B2DB19BD1FD0468300A6826E /* Info.plist */ = {isa = PBXFileReference; lastKnownFileType = text.plist.xml; path = Info.plist; sourceTree = "<group>"; };
		B2DB19C21FD0468300A6826E /* DataProtectionDemoUITests.xctest */ = {isa = PBXFileReference; explicitFileType = wrapper.cfbundle; includeInIndex = 0; path = DataProtectionDemoUITests.xctest; sourceTree = BUILT_PRODUCTS_DIR; };
		B2DB19C61FD0468300A6826E /* DataProtectionDemoUITests.swift */ = {isa = PBXFileReference; lastKnownFileType = sourcecode.swift; path = DataProtectionDemoUITests.swift; sourceTree = "<group>"; };
		B2DB19C81FD0468300A6826E /* Info.plist */ = {isa = PBXFileReference; lastKnownFileType = text.plist.xml; path = Info.plist; sourceTree = "<group>"; };
		C4C92C381150A67325FD1DD2 /* Pods_DataProtectionDemoTests.framework */ = {isa = PBXFileReference; explicitFileType = wrapper.framework; includeInIndex = 0; path = Pods_DataProtectionDemoTests.framework; sourceTree = BUILT_PRODUCTS_DIR; };
		D14682C7485F6998B8A4C872 /* Pods-DataProtectionDemoTests.release.xcconfig */ = {isa = PBXFileReference; includeInIndex = 1; lastKnownFileType = text.xcconfig; name = "Pods-DataProtectionDemoTests.release.xcconfig"; path = "Pods/Target Support Files/Pods-DataProtectionDemoTests/Pods-DataProtectionDemoTests.release.xcconfig"; sourceTree = "<group>"; };
		DE11D510C2BF83ACA1E68972 /* Pods-DataProtectionDemoUITests.debug.xcconfig */ = {isa = PBXFileReference; includeInIndex = 1; lastKnownFileType = text.xcconfig; name = "Pods-DataProtectionDemoUITests.debug.xcconfig"; path = "Pods/Target Support Files/Pods-DataProtectionDemoUITests/Pods-DataProtectionDemoUITests.debug.xcconfig"; sourceTree = "<group>"; };
		E3679EBF21F6715AE55D4516 /* Pods-DataProtectionDemo.release.xcconfig */ = {isa = PBXFileReference; includeInIndex = 1; lastKnownFileType = text.xcconfig; name = "Pods-DataProtectionDemo.release.xcconfig"; path = "Pods/Target Support Files/Pods-DataProtectionDemo/Pods-DataProtectionDemo.release.xcconfig"; sourceTree = "<group>"; };
/* End PBXFileReference section */

/* Begin PBXFrameworksBuildPhase section */
		B2DB199D1FD0468300A6826E /* Frameworks */ = {
			isa = PBXFrameworksBuildPhase;
			buildActionMask = 2147483647;
			files = (
				DD2665863258620A2997A106 /* Pods_DataProtectionDemo.framework in Frameworks */,
			);
			runOnlyForDeploymentPostprocessing = 0;
		};
		B2DB19B41FD0468300A6826E /* Frameworks */ = {
			isa = PBXFrameworksBuildPhase;
			buildActionMask = 2147483647;
			files = (
				033EA594F187914074A5CD38 /* Pods_DataProtectionDemoTests.framework in Frameworks */,
			);
			runOnlyForDeploymentPostprocessing = 0;
		};
		B2DB19BF1FD0468300A6826E /* Frameworks */ = {
			isa = PBXFrameworksBuildPhase;
			buildActionMask = 2147483647;
			files = (
				19C9B0B56DDDD3E7CF65E2C4 /* Pods_DataProtectionDemoUITests.framework in Frameworks */,
			);
			runOnlyForDeploymentPostprocessing = 0;
		};
/* End PBXFrameworksBuildPhase section */

/* Begin PBXGroup section */
		815A0CC6C710F2E2EABB36D2 /* Frameworks */ = {
			isa = PBXGroup;
			children = (
				4F272772A8B5C2A96CB7728B /* Pods_DataProtectionDemo.framework */,
				C4C92C381150A67325FD1DD2 /* Pods_DataProtectionDemoTests.framework */,
				073FEF75A0FF917D3017AE34 /* Pods_DataProtectionDemoUITests.framework */,
			);
			name = Frameworks;
			sourceTree = "<group>";
		};
		B25F62811FD04F1A00174456 /* Controllers */ = {
			isa = PBXGroup;
			children = (
				B25F62841FD0502900174456 /* GlobalAccess.swift */,
				B25F627F1FD04EDD00174456 /* CoreDataController.swift */,
				B25F62821FD04F8C00174456 /* RealmController.swift */,
			);
			name = Controllers;
			path = ..;
			sourceTree = "<group>";
		};
		B2DB19971FD0468300A6826E = {
			isa = PBXGroup;
			children = (
				B2DB19A21FD0468300A6826E /* DataProtectionDemo */,
				B2DB19BA1FD0468300A6826E /* DataProtectionDemoTests */,
				B2DB19C51FD0468300A6826E /* DataProtectionDemoUITests */,
				B2DB19A11FD0468300A6826E /* Products */,
				EC43DE9F158D42F958020933 /* Pods */,
				815A0CC6C710F2E2EABB36D2 /* Frameworks */,
			);
			sourceTree = "<group>";
		};
		B2DB19A11FD0468300A6826E /* Products */ = {
			isa = PBXGroup;
			children = (
				B2DB19A01FD0468300A6826E /* DataProtectionDemo.app */,
				B2DB19B71FD0468300A6826E /* DataProtectionDemoTests.xctest */,
				B2DB19C21FD0468300A6826E /* DataProtectionDemoUITests.xctest */,
			);
			name = Products;
			sourceTree = "<group>";
		};
		B2DB19A21FD0468300A6826E /* DataProtectionDemo */ = {
			isa = PBXGroup;
			children = (
				B2DB19A31FD0468300A6826E /* AppDelegate.swift */,
				B2DB19A51FD0468300A6826E /* ViewController.swift */,
				B25F62811FD04F1A00174456 /* Controllers */,
				B2DB19A71FD0468300A6826E /* Main.storyboard */,
				B2DB19AD1FD0468300A6826E /* Assets.xcassets */,
				B2DB19AF1FD0468300A6826E /* LaunchScreen.storyboard */,
				B2DB19B21FD0468300A6826E /* Info.plist */,
				B2DB19AA1FD0468300A6826E /* DataProtectionDemo.xcdatamodeld */,
			);
			path = DataProtectionDemo;
			sourceTree = "<group>";
		};
		B2DB19BA1FD0468300A6826E /* DataProtectionDemoTests */ = {
			isa = PBXGroup;
			children = (
				B2DB19BB1FD0468300A6826E /* DataProtectionDemoTests.swift */,
				B2DB19BD1FD0468300A6826E /* Info.plist */,
			);
			path = DataProtectionDemoTests;
			sourceTree = "<group>";
		};
		B2DB19C51FD0468300A6826E /* DataProtectionDemoUITests */ = {
			isa = PBXGroup;
			children = (
				B2DB19C61FD0468300A6826E /* DataProtectionDemoUITests.swift */,
				B2DB19C81FD0468300A6826E /* Info.plist */,
			);
			path = DataProtectionDemoUITests;
			sourceTree = "<group>";
		};
		EC43DE9F158D42F958020933 /* Pods */ = {
			isa = PBXGroup;
			children = (
				6C71F5B43A2E0464D35C8480 /* Pods-DataProtectionDemo.debug.xcconfig */,
				E3679EBF21F6715AE55D4516 /* Pods-DataProtectionDemo.release.xcconfig */,
				91312702410D0F83FB82DBB6 /* Pods-DataProtectionDemoTests.debug.xcconfig */,
				D14682C7485F6998B8A4C872 /* Pods-DataProtectionDemoTests.release.xcconfig */,
				DE11D510C2BF83ACA1E68972 /* Pods-DataProtectionDemoUITests.debug.xcconfig */,
				21C18AE5F713C7C3DD2A90C4 /* Pods-DataProtectionDemoUITests.release.xcconfig */,
			);
			name = Pods;
			sourceTree = "<group>";
		};
/* End PBXGroup section */

/* Begin PBXNativeTarget section */
		B2DB199F1FD0468300A6826E /* DataProtectionDemo */ = {
			isa = PBXNativeTarget;
			buildConfigurationList = B2DB19CB1FD0468300A6826E /* Build configuration list for PBXNativeTarget "DataProtectionDemo" */;
			buildPhases = (
				351AC708E0E3FFD6D6DC224F /* [CP] Check Pods Manifest.lock */,
				B2DB199C1FD0468300A6826E /* Sources */,
				B2DB199D1FD0468300A6826E /* Frameworks */,
				B2DB199E1FD0468300A6826E /* Resources */,
				28AC8861E545EAEE4EAA313B /* [CP] Embed Pods Frameworks */,
				057DAF8583B140C2BD3A7700 /* [CP] Copy Pods Resources */,
			);
			buildRules = (
			);
			dependencies = (
			);
			name = DataProtectionDemo;
			productName = DataProtectionDemo;
			productReference = B2DB19A01FD0468300A6826E /* DataProtectionDemo.app */;
			productType = "com.apple.product-type.application";
		};
		B2DB19B61FD0468300A6826E /* DataProtectionDemoTests */ = {
			isa = PBXNativeTarget;
			buildConfigurationList = B2DB19CE1FD0468300A6826E /* Build configuration list for PBXNativeTarget "DataProtectionDemoTests" */;
			buildPhases = (
				05E59639C08842935847EF5F /* [CP] Check Pods Manifest.lock */,
				B2DB19B31FD0468300A6826E /* Sources */,
				B2DB19B41FD0468300A6826E /* Frameworks */,
				B2DB19B51FD0468300A6826E /* Resources */,
				BD0DEC38CA6C18220AF81CC3 /* [CP] Embed Pods Frameworks */,
				6765A6D527CFF7CC7488EFC7 /* [CP] Copy Pods Resources */,
			);
			buildRules = (
			);
			dependencies = (
				B2DB19B91FD0468300A6826E /* PBXTargetDependency */,
			);
			name = DataProtectionDemoTests;
			productName = DataProtectionDemoTests;
			productReference = B2DB19B71FD0468300A6826E /* DataProtectionDemoTests.xctest */;
			productType = "com.apple.product-type.bundle.unit-test";
		};
		B2DB19C11FD0468300A6826E /* DataProtectionDemoUITests */ = {
			isa = PBXNativeTarget;
			buildConfigurationList = B2DB19D11FD0468300A6826E /* Build configuration list for PBXNativeTarget "DataProtectionDemoUITests" */;
			buildPhases = (
				09B2912D8E1EFFE52BAD6054 /* [CP] Check Pods Manifest.lock */,
				B2DB19BE1FD0468300A6826E /* Sources */,
				B2DB19BF1FD0468300A6826E /* Frameworks */,
				B2DB19C01FD0468300A6826E /* Resources */,
				12389F43642E20DCD2E79274 /* [CP] Embed Pods Frameworks */,
				87B7A6D8B56C6908B15563D3 /* [CP] Copy Pods Resources */,
			);
			buildRules = (
			);
			dependencies = (
				B2DB19C41FD0468300A6826E /* PBXTargetDependency */,
			);
			name = DataProtectionDemoUITests;
			productName = DataProtectionDemoUITests;
			productReference = B2DB19C21FD0468300A6826E /* DataProtectionDemoUITests.xctest */;
			productType = "com.apple.product-type.bundle.ui-testing";
		};
/* End PBXNativeTarget section */

/* Begin PBXProject section */
		B2DB19981FD0468300A6826E /* Project object */ = {
			isa = PBXProject;
			attributes = {
				LastSwiftUpdateCheck = 0830;
				LastUpgradeCheck = 0830;
				ORGANIZATIONNAME = "Manolescu Mihai Alexandru";
				TargetAttributes = {
					B2DB199F1FD0468300A6826E = {
						CreatedOnToolsVersion = 8.3.3;
						DevelopmentTeam = 479S3P29WQ;
						ProvisioningStyle = Automatic;
					};
					B2DB19B61FD0468300A6826E = {
						CreatedOnToolsVersion = 8.3.3;
						DevelopmentTeam = 479S3P29WQ;
						ProvisioningStyle = Automatic;
						TestTargetID = B2DB199F1FD0468300A6826E;
					};
					B2DB19C11FD0468300A6826E = {
						CreatedOnToolsVersion = 8.3.3;
						DevelopmentTeam = 479S3P29WQ;
						ProvisioningStyle = Automatic;
						TestTargetID = B2DB199F1FD0468300A6826E;
					};
				};
			};
			buildConfigurationList = B2DB199B1FD0468300A6826E /* Build configuration list for PBXProject "DataProtectionDemo" */;
			compatibilityVersion = "Xcode 3.2";
			developmentRegion = English;
			hasScannedForEncodings = 0;
			knownRegions = (
				en,
				Base,
			);
			mainGroup = B2DB19971FD0468300A6826E;
			productRefGroup = B2DB19A11FD0468300A6826E /* Products */;
			projectDirPath = "";
			projectRoot = "";
			targets = (
				B2DB199F1FD0468300A6826E /* DataProtectionDemo */,
				B2DB19B61FD0468300A6826E /* DataProtectionDemoTests */,
				B2DB19C11FD0468300A6826E /* DataProtectionDemoUITests */,
			);
		};
/* End PBXProject section */

/* Begin PBXResourcesBuildPhase section */
		B2DB199E1FD0468300A6826E /* Resources */ = {
			isa = PBXResourcesBuildPhase;
			buildActionMask = 2147483647;
			files = (
				B2DB19B11FD0468300A6826E /* LaunchScreen.storyboard in Resources */,
				B2DB19AE1FD0468300A6826E /* Assets.xcassets in Resources */,
				B2DB19A91FD0468300A6826E /* Main.storyboard in Resources */,
			);
			runOnlyForDeploymentPostprocessing = 0;
		};
		B2DB19B51FD0468300A6826E /* Resources */ = {
			isa = PBXResourcesBuildPhase;
			buildActionMask = 2147483647;
			files = (
			);
			runOnlyForDeploymentPostprocessing = 0;
		};
		B2DB19C01FD0468300A6826E /* Resources */ = {
			isa = PBXResourcesBuildPhase;
			buildActionMask = 2147483647;
			files = (
			);
			runOnlyForDeploymentPostprocessing = 0;
		};
/* End PBXResourcesBuildPhase section */

/* Begin PBXShellScriptBuildPhase section */
		057DAF8583B140C2BD3A7700 /* [CP] Copy Pods Resources */ = {
			isa = PBXShellScriptBuildPhase;
			buildActionMask = 2147483647;
			files = (
			);
			inputPaths = (
			);
			name = "[CP] Copy Pods Resources";
			outputPaths = (
			);
			runOnlyForDeploymentPostprocessing = 0;
			shellPath = /bin/sh;
			shellScript = "\"${SRCROOT}/Pods/Target Support Files/Pods-DataProtectionDemo/Pods-DataProtectionDemo-resources.sh\"\n";
			showEnvVarsInLog = 0;
		};
		05E59639C08842935847EF5F /* [CP] Check Pods Manifest.lock */ = {
			isa = PBXShellScriptBuildPhase;
			buildActionMask = 2147483647;
			files = (
			);
			inputPaths = (
				"${PODS_PODFILE_DIR_PATH}/Podfile.lock",
				"${PODS_ROOT}/Manifest.lock",
			);
			name = "[CP] Check Pods Manifest.lock";
			outputPaths = (
				"$(DERIVED_FILE_DIR)/Pods-DataProtectionDemoTests-checkManifestLockResult.txt",
			);
			runOnlyForDeploymentPostprocessing = 0;
			shellPath = /bin/sh;
			shellScript = "diff \"${PODS_PODFILE_DIR_PATH}/Podfile.lock\" \"${PODS_ROOT}/Manifest.lock\" > /dev/null\nif [ $? != 0 ] ; then\n    # print error to STDERR\n    echo \"error: The sandbox is not in sync with the Podfile.lock. Run 'pod install' or update your CocoaPods installation.\" >&2\n    exit 1\nfi\n# This output is used by Xcode 'outputs' to avoid re-running this script phase.\necho \"SUCCESS\" > \"${SCRIPT_OUTPUT_FILE_0}\"\n";
			showEnvVarsInLog = 0;
		};
		09B2912D8E1EFFE52BAD6054 /* [CP] Check Pods Manifest.lock */ = {
			isa = PBXShellScriptBuildPhase;
			buildActionMask = 2147483647;
			files = (
			);
			inputPaths = (
				"${PODS_PODFILE_DIR_PATH}/Podfile.lock",
				"${PODS_ROOT}/Manifest.lock",
			);
			name = "[CP] Check Pods Manifest.lock";
			outputPaths = (
				"$(DERIVED_FILE_DIR)/Pods-DataProtectionDemoUITests-checkManifestLockResult.txt",
			);
			runOnlyForDeploymentPostprocessing = 0;
			shellPath = /bin/sh;
			shellScript = "diff \"${PODS_PODFILE_DIR_PATH}/Podfile.lock\" \"${PODS_ROOT}/Manifest.lock\" > /dev/null\nif [ $? != 0 ] ; then\n    # print error to STDERR\n    echo \"error: The sandbox is not in sync with the Podfile.lock. Run 'pod install' or update your CocoaPods installation.\" >&2\n    exit 1\nfi\n# This output is used by Xcode 'outputs' to avoid re-running this script phase.\necho \"SUCCESS\" > \"${SCRIPT_OUTPUT_FILE_0}\"\n";
			showEnvVarsInLog = 0;
		};
		12389F43642E20DCD2E79274 /* [CP] Embed Pods Frameworks */ = {
			isa = PBXShellScriptBuildPhase;
			buildActionMask = 2147483647;
			files = (
			);
			inputPaths = (
			);
			name = "[CP] Embed Pods Frameworks";
			outputPaths = (
			);
			runOnlyForDeploymentPostprocessing = 0;
			shellPath = /bin/sh;
			shellScript = "\"${SRCROOT}/Pods/Target Support Files/Pods-DataProtectionDemoUITests/Pods-DataProtectionDemoUITests-frameworks.sh\"\n";
			showEnvVarsInLog = 0;
		};
		28AC8861E545EAEE4EAA313B /* [CP] Embed Pods Frameworks */ = {
			isa = PBXShellScriptBuildPhase;
			buildActionMask = 2147483647;
			files = (
			);
			inputPaths = (
				"${SRCROOT}/Pods/Target Support Files/Pods-DataProtectionDemo/Pods-DataProtectionDemo-frameworks.sh",
				"${BUILT_PRODUCTS_DIR}/Realm/Realm.framework",
				"${BUILT_PRODUCTS_DIR}/RealmSwift/RealmSwift.framework",
			);
			name = "[CP] Embed Pods Frameworks";
			outputPaths = (
				"${TARGET_BUILD_DIR}/${FRAMEWORKS_FOLDER_PATH}/Realm.framework",
				"${TARGET_BUILD_DIR}/${FRAMEWORKS_FOLDER_PATH}/RealmSwift.framework",
			);
			runOnlyForDeploymentPostprocessing = 0;
			shellPath = /bin/sh;
			shellScript = "\"${SRCROOT}/Pods/Target Support Files/Pods-DataProtectionDemo/Pods-DataProtectionDemo-frameworks.sh\"\n";
			showEnvVarsInLog = 0;
		};
		351AC708E0E3FFD6D6DC224F /* [CP] Check Pods Manifest.lock */ = {
			isa = PBXShellScriptBuildPhase;
			buildActionMask = 2147483647;
			files = (
			);
			inputPaths = (
				"${PODS_PODFILE_DIR_PATH}/Podfile.lock",
				"${PODS_ROOT}/Manifest.lock",
			);
			name = "[CP] Check Pods Manifest.lock";
			outputPaths = (
				"$(DERIVED_FILE_DIR)/Pods-DataProtectionDemo-checkManifestLockResult.txt",
			);
			runOnlyForDeploymentPostprocessing = 0;
			shellPath = /bin/sh;
			shellScript = "diff \"${PODS_PODFILE_DIR_PATH}/Podfile.lock\" \"${PODS_ROOT}/Manifest.lock\" > /dev/null\nif [ $? != 0 ] ; then\n    # print error to STDERR\n    echo \"error: The sandbox is not in sync with the Podfile.lock. Run 'pod install' or update your CocoaPods installation.\" >&2\n    exit 1\nfi\n# This output is used by Xcode 'outputs' to avoid re-running this script phase.\necho \"SUCCESS\" > \"${SCRIPT_OUTPUT_FILE_0}\"\n";
			showEnvVarsInLog = 0;
		};
		6765A6D527CFF7CC7488EFC7 /* [CP] Copy Pods Resources */ = {
			isa = PBXShellScriptBuildPhase;
			buildActionMask = 2147483647;
			files = (
			);
			inputPaths = (
			);
			name = "[CP] Copy Pods Resources";
			outputPaths = (
			);
			runOnlyForDeploymentPostprocessing = 0;
			shellPath = /bin/sh;
			shellScript = "\"${SRCROOT}/Pods/Target Support Files/Pods-DataProtectionDemoTests/Pods-DataProtectionDemoTests-resources.sh\"\n";
			showEnvVarsInLog = 0;
		};
		87B7A6D8B56C6908B15563D3 /* [CP] Copy Pods Resources */ = {
			isa = PBXShellScriptBuildPhase;
			buildActionMask = 2147483647;
			files = (
			);
			inputPaths = (
			);
			name = "[CP] Copy Pods Resources";
			outputPaths = (
			);
			runOnlyForDeploymentPostprocessing = 0;
			shellPath = /bin/sh;
			shellScript = "\"${SRCROOT}/Pods/Target Support Files/Pods-DataProtectionDemoUITests/Pods-DataProtectionDemoUITests-resources.sh\"\n";
			showEnvVarsInLog = 0;
		};
		BD0DEC38CA6C18220AF81CC3 /* [CP] Embed Pods Frameworks */ = {
			isa = PBXShellScriptBuildPhase;
			buildActionMask = 2147483647;
			files = (
			);
			inputPaths = (
			);
			name = "[CP] Embed Pods Frameworks";
			outputPaths = (
			);
			runOnlyForDeploymentPostprocessing = 0;
			shellPath = /bin/sh;
			shellScript = "\"${SRCROOT}/Pods/Target Support Files/Pods-DataProtectionDemoTests/Pods-DataProtectionDemoTests-frameworks.sh\"\n";
			showEnvVarsInLog = 0;
		};
/* End PBXShellScriptBuildPhase section */

/* Begin PBXSourcesBuildPhase section */
		B2DB199C1FD0468300A6826E /* Sources */ = {
			isa = PBXSourcesBuildPhase;
			buildActionMask = 2147483647;
			files = (
				B2DB19AC1FD0468300A6826E /* DataProtectionDemo.xcdatamodeld in Sources */,
				B2DB19A61FD0468300A6826E /* ViewController.swift in Sources */,
				B25F62851FD0502900174456 /* GlobalAccess.swift in Sources */,
				B25F62801FD04EDD00174456 /* CoreDataController.swift in Sources */,
				B25F62831FD04F8C00174456 /* RealmController.swift in Sources */,
				B2DB19A41FD0468300A6826E /* AppDelegate.swift in Sources */,
			);
			runOnlyForDeploymentPostprocessing = 0;
		};
		B2DB19B31FD0468300A6826E /* Sources */ = {
			isa = PBXSourcesBuildPhase;
			buildActionMask = 2147483647;
			files = (
				B2DB19BC1FD0468300A6826E /* DataProtectionDemoTests.swift in Sources */,
			);
			runOnlyForDeploymentPostprocessing = 0;
		};
		B2DB19BE1FD0468300A6826E /* Sources */ = {
			isa = PBXSourcesBuildPhase;
			buildActionMask = 2147483647;
			files = (
				B2DB19C71FD0468300A6826E /* DataProtectionDemoUITests.swift in Sources */,
			);
			runOnlyForDeploymentPostprocessing = 0;
		};
/* End PBXSourcesBuildPhase section */

/* Begin PBXTargetDependency section */
		B2DB19B91FD0468300A6826E /* PBXTargetDependency */ = {
			isa = PBXTargetDependency;
			target = B2DB199F1FD0468300A6826E /* DataProtectionDemo */;
			targetProxy = B2DB19B81FD0468300A6826E /* PBXContainerItemProxy */;
		};
		B2DB19C41FD0468300A6826E /* PBXTargetDependency */ = {
			isa = PBXTargetDependency;
			target = B2DB199F1FD0468300A6826E /* DataProtectionDemo */;
			targetProxy = B2DB19C31FD0468300A6826E /* PBXContainerItemProxy */;
		};
/* End PBXTargetDependency section */

/* Begin PBXVariantGroup section */
		B2DB19A71FD0468300A6826E /* Main.storyboard */ = {
			isa = PBXVariantGroup;
			children = (
				B2DB19A81FD0468300A6826E /* Base */,
			);
			name = Main.storyboard;
			sourceTree = "<group>";
		};
		B2DB19AF1FD0468300A6826E /* LaunchScreen.storyboard */ = {
			isa = PBXVariantGroup;
			children = (
				B2DB19B01FD0468300A6826E /* Base */,
			);
			name = LaunchScreen.storyboard;
			sourceTree = "<group>";
		};
/* End PBXVariantGroup section */

/* Begin XCBuildConfiguration section */
		B2DB19C91FD0468300A6826E /* Debug */ = {
			isa = XCBuildConfiguration;
			buildSettings = {
				ALWAYS_SEARCH_USER_PATHS = NO;
				CLANG_ANALYZER_NONNULL = YES;
				CLANG_ANALYZER_NUMBER_OBJECT_CONVERSION = YES_AGGRESSIVE;
				CLANG_CXX_LANGUAGE_STANDARD = "gnu++0x";
				CLANG_CXX_LIBRARY = "libc++";
				CLANG_ENABLE_MODULES = YES;
				CLANG_ENABLE_OBJC_ARC = YES;
				CLANG_WARN_BOOL_CONVERSION = YES;
				CLANG_WARN_CONSTANT_CONVERSION = YES;
				CLANG_WARN_DIRECT_OBJC_ISA_USAGE = YES_ERROR;
				CLANG_WARN_DOCUMENTATION_COMMENTS = YES;
				CLANG_WARN_EMPTY_BODY = YES;
				CLANG_WARN_ENUM_CONVERSION = YES;
				CLANG_WARN_INFINITE_RECURSION = YES;
				CLANG_WARN_INT_CONVERSION = YES;
				CLANG_WARN_OBJC_ROOT_CLASS = YES_ERROR;
				CLANG_WARN_SUSPICIOUS_MOVE = YES;
				CLANG_WARN_UNREACHABLE_CODE = YES;
				CLANG_WARN__DUPLICATE_METHOD_MATCH = YES;
				"CODE_SIGN_IDENTITY[sdk=iphoneos*]" = "iPhone Developer";
				COPY_PHASE_STRIP = NO;
				DEBUG_INFORMATION_FORMAT = dwarf;
				ENABLE_STRICT_OBJC_MSGSEND = YES;
				ENABLE_TESTABILITY = YES;
				GCC_C_LANGUAGE_STANDARD = gnu99;
				GCC_DYNAMIC_NO_PIC = NO;
				GCC_NO_COMMON_BLOCKS = YES;
				GCC_OPTIMIZATION_LEVEL = 0;
				GCC_PREPROCESSOR_DEFINITIONS = (
					"DEBUG=1",
					"$(inherited)",
				);
				GCC_WARN_64_TO_32_BIT_CONVERSION = YES;
				GCC_WARN_ABOUT_RETURN_TYPE = YES_ERROR;
				GCC_WARN_UNDECLARED_SELECTOR = YES;
				GCC_WARN_UNINITIALIZED_AUTOS = YES_AGGRESSIVE;
				GCC_WARN_UNUSED_FUNCTION = YES;
				GCC_WARN_UNUSED_VARIABLE = YES;
				IPHONEOS_DEPLOYMENT_TARGET = 10.3;
				MTL_ENABLE_DEBUG_INFO = YES;
				ONLY_ACTIVE_ARCH = YES;
				SDKROOT = iphoneos;
				SWIFT_ACTIVE_COMPILATION_CONDITIONS = DEBUG;
				SWIFT_OPTIMIZATION_LEVEL = "-Onone";
				TARGETED_DEVICE_FAMILY = "1,2";
			};
			name = Debug;
		};
		B2DB19CA1FD0468300A6826E /* Release */ = {
			isa = XCBuildConfiguration;
			buildSettings = {
				ALWAYS_SEARCH_USER_PATHS = NO;
				CLANG_ANALYZER_NONNULL = YES;
				CLANG_ANALYZER_NUMBER_OBJECT_CONVERSION = YES_AGGRESSIVE;
				CLANG_CXX_LANGUAGE_STANDARD = "gnu++0x";
				CLANG_CXX_LIBRARY = "libc++";
				CLANG_ENABLE_MODULES = YES;
				CLANG_ENABLE_OBJC_ARC = YES;
				CLANG_WARN_BOOL_CONVERSION = YES;
				CLANG_WARN_CONSTANT_CONVERSION = YES;
				CLANG_WARN_DIRECT_OBJC_ISA_USAGE = YES_ERROR;
				CLANG_WARN_DOCUMENTATION_COMMENTS = YES;
				CLANG_WARN_EMPTY_BODY = YES;
				CLANG_WARN_ENUM_CONVERSION = YES;
				CLANG_WARN_INFINITE_RECURSION = YES;
				CLANG_WARN_INT_CONVERSION = YES;
				CLANG_WARN_OBJC_ROOT_CLASS = YES_ERROR;
				CLANG_WARN_SUSPICIOUS_MOVE = YES;
				CLANG_WARN_UNREACHABLE_CODE = YES;
				CLANG_WARN__DUPLICATE_METHOD_MATCH = YES;
				"CODE_SIGN_IDENTITY[sdk=iphoneos*]" = "iPhone Developer";
				COPY_PHASE_STRIP = NO;
				DEBUG_INFORMATION_FORMAT = "dwarf-with-dsym";
				ENABLE_NS_ASSERTIONS = NO;
				ENABLE_STRICT_OBJC_MSGSEND = YES;
				GCC_C_LANGUAGE_STANDARD = gnu99;
				GCC_NO_COMMON_BLOCKS = YES;
				GCC_WARN_64_TO_32_BIT_CONVERSION = YES;
				GCC_WARN_ABOUT_RETURN_TYPE = YES_ERROR;
				GCC_WARN_UNDECLARED_SELECTOR = YES;
				GCC_WARN_UNINITIALIZED_AUTOS = YES_AGGRESSIVE;
				GCC_WARN_UNUSED_FUNCTION = YES;
				GCC_WARN_UNUSED_VARIABLE = YES;
				IPHONEOS_DEPLOYMENT_TARGET = 10.3;
				MTL_ENABLE_DEBUG_INFO = NO;
				SDKROOT = iphoneos;
				SWIFT_OPTIMIZATION_LEVEL = "-Owholemodule";
				TARGETED_DEVICE_FAMILY = "1,2";
				VALIDATE_PRODUCT = YES;
			};
			name = Release;
		};
		B2DB19CC1FD0468300A6826E /* Debug */ = {
			isa = XCBuildConfiguration;
			baseConfigurationReference = 6C71F5B43A2E0464D35C8480 /* Pods-DataProtectionDemo.debug.xcconfig */;
			buildSettings = {
				ASSETCATALOG_COMPILER_APPICON_NAME = AppIcon;
				DEVELOPMENT_TEAM = 479S3P29WQ;
				INFOPLIST_FILE = DataProtectionDemo/Info.plist;
				LD_RUNPATH_SEARCH_PATHS = "$(inherited) @executable_path/Frameworks";
				PRODUCT_BUNDLE_IDENTIFIER = com.me.DataProtectionDemo;
				PRODUCT_NAME = "$(TARGET_NAME)";
				SWIFT_VERSION = 3.0;
			};
			name = Debug;
		};
		B2DB19CD1FD0468300A6826E /* Release */ = {
			isa = XCBuildConfiguration;
			baseConfigurationReference = E3679EBF21F6715AE55D4516 /* Pods-DataProtectionDemo.release.xcconfig */;
			buildSettings = {
				ASSETCATALOG_COMPILER_APPICON_NAME = AppIcon;
				DEVELOPMENT_TEAM = 479S3P29WQ;
				INFOPLIST_FILE = DataProtectionDemo/Info.plist;
				LD_RUNPATH_SEARCH_PATHS = "$(inherited) @executable_path/Frameworks";
				PRODUCT_BUNDLE_IDENTIFIER = com.me.DataProtectionDemo;
				PRODUCT_NAME = "$(TARGET_NAME)";
				SWIFT_VERSION = 3.0;
			};
			name = Release;
		};
		B2DB19CF1FD0468300A6826E /* Debug */ = {
			isa = XCBuildConfiguration;
			baseConfigurationReference = 91312702410D0F83FB82DBB6 /* Pods-DataProtectionDemoTests.debug.xcconfig */;
			buildSettings = {
				ALWAYS_EMBED_SWIFT_STANDARD_LIBRARIES = YES;
				BUNDLE_LOADER = "$(TEST_HOST)";
				DEVELOPMENT_TEAM = 479S3P29WQ;
				INFOPLIST_FILE = DataProtectionDemoTests/Info.plist;
				LD_RUNPATH_SEARCH_PATHS = "$(inherited) @executable_path/Frameworks @loader_path/Frameworks";
				PRODUCT_BUNDLE_IDENTIFIER = com.me.DataProtectionDemoTests;
				PRODUCT_NAME = "$(TARGET_NAME)";
				SWIFT_VERSION = 3.0;
				TEST_HOST = "$(BUILT_PRODUCTS_DIR)/DataProtectionDemo.app/DataProtectionDemo";
			};
			name = Debug;
		};
		B2DB19D01FD0468300A6826E /* Release */ = {
			isa = XCBuildConfiguration;
			baseConfigurationReference = D14682C7485F6998B8A4C872 /* Pods-DataProtectionDemoTests.release.xcconfig */;
			buildSettings = {
				ALWAYS_EMBED_SWIFT_STANDARD_LIBRARIES = YES;
				BUNDLE_LOADER = "$(TEST_HOST)";
				DEVELOPMENT_TEAM = 479S3P29WQ;
				INFOPLIST_FILE = DataProtectionDemoTests/Info.plist;
				LD_RUNPATH_SEARCH_PATHS = "$(inherited) @executable_path/Frameworks @loader_path/Frameworks";
				PRODUCT_BUNDLE_IDENTIFIER = com.me.DataProtectionDemoTests;
				PRODUCT_NAME = "$(TARGET_NAME)";
				SWIFT_VERSION = 3.0;
				TEST_HOST = "$(BUILT_PRODUCTS_DIR)/DataProtectionDemo.app/DataProtectionDemo";
			};
			name = Release;
		};
		B2DB19D21FD0468300A6826E /* Debug */ = {
			isa = XCBuildConfiguration;
			baseConfigurationReference = DE11D510C2BF83ACA1E68972 /* Pods-DataProtectionDemoUITests.debug.xcconfig */;
			buildSettings = {
				ALWAYS_EMBED_SWIFT_STANDARD_LIBRARIES = YES;
				DEVELOPMENT_TEAM = 479S3P29WQ;
				INFOPLIST_FILE = DataProtectionDemoUITests/Info.plist;
				LD_RUNPATH_SEARCH_PATHS = "$(inherited) @executable_path/Frameworks @loader_path/Frameworks";
				PRODUCT_BUNDLE_IDENTIFIER = com.me.DataProtectionDemoUITests;
				PRODUCT_NAME = "$(TARGET_NAME)";
				SWIFT_VERSION = 3.0;
				TEST_TARGET_NAME = DataProtectionDemo;
			};
			name = Debug;
		};
		B2DB19D31FD0468300A6826E /* Release */ = {
			isa = XCBuildConfiguration;
			baseConfigurationReference = 21C18AE5F713C7C3DD2A90C4 /* Pods-DataProtectionDemoUITests.release.xcconfig */;
			buildSettings = {
				ALWAYS_EMBED_SWIFT_STANDARD_LIBRARIES = YES;
				DEVELOPMENT_TEAM = 479S3P29WQ;
				INFOPLIST_FILE = DataProtectionDemoUITests/Info.plist;
				LD_RUNPATH_SEARCH_PATHS = "$(inherited) @executable_path/Frameworks @loader_path/Frameworks";
				PRODUCT_BUNDLE_IDENTIFIER = com.me.DataProtectionDemoUITests;
				PRODUCT_NAME = "$(TARGET_NAME)";
				SWIFT_VERSION = 3.0;
				TEST_TARGET_NAME = DataProtectionDemo;
			};
			name = Release;
		};
/* End XCBuildConfiguration section */

/* Begin XCConfigurationList section */
		B2DB199B1FD0468300A6826E /* Build configuration list for PBXProject "DataProtectionDemo" */ = {
			isa = XCConfigurationList;
			buildConfigurations = (
				B2DB19C91FD0468300A6826E /* Debug */,
				B2DB19CA1FD0468300A6826E /* Release */,
			);
			defaultConfigurationIsVisible = 0;
			defaultConfigurationName = Release;
		};
		B2DB19CB1FD0468300A6826E /* Build configuration list for PBXNativeTarget "DataProtectionDemo" */ = {
			isa = XCConfigurationList;
			buildConfigurations = (
				B2DB19CC1FD0468300A6826E /* Debug */,
				B2DB19CD1FD0468300A6826E /* Release */,
			);
			defaultConfigurationIsVisible = 0;
			defaultConfigurationName = Release;
		};
		B2DB19CE1FD0468300A6826E /* Build configuration list for PBXNativeTarget "DataProtectionDemoTests" */ = {
			isa = XCConfigurationList;
			buildConfigurations = (
				B2DB19CF1FD0468300A6826E /* Debug */,
				B2DB19D01FD0468300A6826E /* Release */,
			);
			defaultConfigurationIsVisible = 0;
			defaultConfigurationName = Release;
		};
		B2DB19D11FD0468300A6826E /* Build configuration list for PBXNativeTarget "DataProtectionDemoUITests" */ = {
			isa = XCConfigurationList;
			buildConfigurations = (
				B2DB19D21FD0468300A6826E /* Debug */,
				B2DB19D31FD0468300A6826E /* Release */,
			);
			defaultConfigurationIsVisible = 0;
			defaultConfigurationName = Release;
		};
/* End XCConfigurationList section */

/* Begin XCVersionGroup section */
		B2DB19AA1FD0468300A6826E /* DataProtectionDemo.xcdatamodeld */ = {
			isa = XCVersionGroup;
			children = (
				B2DB19AB1FD0468300A6826E /* DataProtectionDemo.xcdatamodel */,
			);
			currentVersion = B2DB19AB1FD0468300A6826E /* DataProtectionDemo.xcdatamodel */;
			path = DataProtectionDemo.xcdatamodeld;
			sourceTree = "<group>";
			versionGroupType = wrapper.xcdatamodel;
		};
/* End XCVersionGroup section */
	};
	rootObject = B2DB19981FD0468300A6826E /* Project object */;
}
